<?xml version="1.0" encoding="utf-8"?>
<Project ToolsVersion="4.0" xmlns="http://schemas.microsoft.com/developer/msbuild/2003">
  <ItemGroup>
    <Filter Include="Source Files">
      <UniqueIdentifier>{4FC737F1-C7A5-4376-A066-2A32D752A2FF}</UniqueIdentifier>
      <Extensions>cpp;cxx;c;def</Extensions>
    </Filter>
    <Filter Include="Header Files">
      <UniqueIdentifier>{93995380-89BD-4b04-88EB-625FBE52EBFB}</UniqueIdentifier>
      <Extensions>h</Extensions>
    </Filter>
    <Filter Include="Form Files">
      <UniqueIdentifier>{99349809-55BA-4b9d-BF79-8FDBB0286EB3}</UniqueIdentifier>
      <Extensions>ui</Extensions>
    </Filter>
    <Filter Include="Resource Files">
      <UniqueIdentifier>{D9D6E242-F8AF-46E4-B9FD-80ECBC20BA3E}</UniqueIdentifier>
      <Extensions>qrc;*</Extensions>
      <ParseFiles>false</ParseFiles>
    </Filter>
    <Filter Include="Generated Files">
      <UniqueIdentifier>{71ED8ED8-ACB9-4CE9-BBE1-E00B30144E11}</UniqueIdentifier>
      <Extensions>moc;h;cpp</Extensions>
      <SourceControlFiles>False</SourceControlFiles>
    </Filter>
    <Filter Include="Generated Files\Debug">
      <UniqueIdentifier>{a9bc0ff7-f966-46ed-831f-a46b23d4a371}</UniqueIdentifier>
      <Extensions>cpp;moc</Extensions>
      <SourceControlFiles>False</SourceControlFiles>
    </Filter>
    <Filter Include="Generated Files\Release">
      <UniqueIdentifier>{41a3c494-5304-43a3-9599-7b239eaf31e4}</UniqueIdentifier>
      <Extensions>cpp;moc</Extensions>
      <SourceControlFiles>False</SourceControlFiles>
    </Filter>
    <Filter Include="framework">
      <UniqueIdentifier>{b7012ac2-09a1-45c8-af76-d643b72216ef}</UniqueIdentifier>
    </Filter>
    <Filter Include="framework\classfactory">
      <UniqueIdentifier>{0ed1d000-9363-48b7-99d1-540f97934fdc}</UniqueIdentifier>
    </Filter>
    <Filter Include="framework\reflect">
      <UniqueIdentifier>{dd1684c0-de51-4779-8aae-8f51a5be57ed}</UniqueIdentifier>
    </Filter>
    <Filter Include="framework\cache">
      <UniqueIdentifier>{8ca1a613-1f19-4050-8729-42ab182ddf0b}</UniqueIdentifier>
    </Filter>
  </ItemGroup>
  <ItemGroup>
    <ClCompile Include="main.cpp">
      <Filter>Source Files</Filter>
    </ClCompile>
    <ClCompile Include="GeneratedFiles\qrc_qtaf.cpp">
      <Filter>Generated Files</Filter>
    </ClCompile>
    <ClCompile Include="framework\classfactory\ClassFactory.cpp">
      <Filter>framework\classfactory</Filter>
    </ClCompile>
    <ClCompile Include="ConcretProductFactoryA.cpp">
      <Filter>Source Files</Filter>
    </ClCompile>
    <ClCompile Include="framework\reflect\Reflect.cpp">
      <Filter>framework\reflect</Filter>
    </ClCompile>
    <ClCompile Include="framework\cache\Cache.cpp">
      <Filter>framework\cache</Filter>
    </ClCompile>
  </ItemGroup>
  <ItemGroup>
    <CustomBuild Include="qtaf.qrc">
      <Filter>Resource Files</Filter>
    </CustomBuild>
  </ItemGroup>
  <ItemGroup>
    <ClInclude Include="framework\classfactory\ClassFactory.h">
      <Filter>framework\classfactory</Filter>
    </ClInclude>
    <ClInclude Include="framework\reflect\Reflect.h">
      <Filter>framework\reflect</Filter>
    </ClInclude>
    <ClInclude Include="IProductFactory.h">
      <Filter>Source Files</Filter>
    </ClInclude>
    <ClInclude Include="ConcretProductFactoryA.h">
      <Filter>Source Files</Filter>
    </ClInclude>
    <ClInclude Include="framework\cache\Cache.h">
      <Filter>framework\cache</Filter>
    </ClInclude>
    <ClInclude Include="CacheTester.h">
      <Filter>Source Files</Filter>
    </ClInclude>
  </ItemGroup>
</Project>